
Microsoft Visual Studio Solution File, Format Version 12.00
# Visual Studio Version 17
VisualStudioVersion = 17.3.32825.248
MinimumVisualStudioVersion = 10.0.40219.1
Project("{FAE04EC0-301F-11D3-BF4B-00C04F79EFBC}") = "SumOfDigits", "SumOfDigits.csproj", "{0FBFAEB5-3072-482B-B484-E85AD2177837}"
EndProject
Global
	GlobalSection(SolutionConfigurationPlatforms) = preSolution
		Debug|Any CPU = Debug|Any CPU
		Release|Any CPU = Release|Any CPU
	EndGlobalSection
	GlobalSection(ProjectConfigurationPlatforms) = postSolution
		{0FBFAEB5-3072-482B-B484-E85AD2177837}.Debug|Any CPU.ActiveCfg = Debug|Any CPU
		{0FBFAEB5-3072-482B-B484-E85AD2177837}.Debug|Any CPU.Build.0 = Debug|Any CPU
		{0FBFAEB5-3072-482B-B484-E85AD2177837}.Release|Any CPU.ActiveCfg = Release|Any CPU
		{0FBFAEB5-3072-482B-B484-E85AD2177837}.Release|Any CPU.Build.0 = Release|Any CPU
	EndGlobalSection
	GlobalSection(SolutionProperties) = preSolution
		HideSolutionNode = FALSE
	EndGlobalSection
	GlobalSection(ExtensibilityGlobals) = postSolution
		SolutionGuid = {B9AF43E3-805A-49CE-AAA5-74A3B3756904}
	EndGlobalSection
EndGlobal
